
Microsoft Visual Studio Solution File, Format Version 12.00
# Visual Studio 15
Project("{FAE04EC0-301F-11D3-BF4B-00C04F79EFBC}") = "UniHumanoid", "UniHumanoid.csproj", "{D4FD4C55-86E2-3AF2-B963-12ED2B0003DE}"
EndProject
Project("{FAE04EC0-301F-11D3-BF4B-00C04F79EFBC}") = "SpringBoneJobs", "SpringBoneJobs.csproj", "{CC0E7FC8-5C41-F54E-29BE-283EF4D7EF05}"
EndProject
Project("{FAE04EC0-301F-11D3-BF4B-00C04F79EFBC}") = "UniGLTF.Editor", "UniGLTF.Editor.csproj", "{A9E596ED-75CA-EF0F-FFE5-A75B9A002089}"
EndProject
Project("{FAE04EC0-301F-11D3-BF4B-00C04F79EFBC}") = "UniGLTF", "UniGLTF.csproj", "{0FE6E4AA-BF72-AC97-2F1E-E471069E7824}"
EndProject
Project("{FAE04EC0-301F-11D3-BF4B-00C04F79EFBC}") = "VRM", "VRM.csproj", "{12C6F6A4-DEA7-8687-955A-81CAE2D6FE8A}"
EndProject
Project("{FAE04EC0-301F-11D3-BF4B-00C04F79EFBC}") = "UniGLTF.Tests", "UniGLTF.Tests.csproj", "{476C851D-6223-7EC1-9531-31EB065F5DC9}"
EndProject
Project("{FAE04EC0-301F-11D3-BF4B-00C04F79EFBC}") = "MToon", "MToon.csproj", "{81210BAC-06C2-B849-8D8C-3A360FFE136A}"
EndProject
Project("{FAE04EC0-301F-11D3-BF4B-00C04F79EFBC}") = "UniVRM.Editor", "UniVRM.Editor.csproj", "{EE591528-9BFD-A6CD-586B-24B66903EAD3}"
EndProject
Project("{FAE04EC0-301F-11D3-BF4B-00C04F79EFBC}") = "VRM.Tests", "VRM.Tests.csproj", "{218529DB-E3C4-B2AE-03A5-3036835E23EB}"
EndProject
Project("{FAE04EC0-301F-11D3-BF4B-00C04F79EFBC}") = "MToon.Editor", "MToon.Editor.csproj", "{6BEF7D32-FD5F-DE21-7F9F-BA13C3CF2E70}"
EndProject
Project("{FAE04EC0-301F-11D3-BF4B-00C04F79EFBC}") = "UniHumanoid.Editor", "UniHumanoid.Editor.csproj", "{5DC5B7FB-203B-CF5E-FC15-6862CC997B82}"
EndProject
Project("{FAE04EC0-301F-11D3-BF4B-00C04F79EFBC}") = "VRM.Samples.Editor.Tests", "VRM.Samples.Editor.Tests.csproj", "{F7B71E31-C3EC-1FFE-20A2-79A8C52EA747}"
EndProject
Project("{FAE04EC0-301F-11D3-BF4B-00C04F79EFBC}") = "UniGLTF.UniUnlit", "UniGLTF.UniUnlit.csproj", "{18A1A55C-0739-1627-8F97-61C37A43DFC4}"
EndProject
Project("{FAE04EC0-301F-11D3-BF4B-00C04F79EFBC}") = "UniHumanoid.Editor.Tests", "UniHumanoid.Editor.Tests.csproj", "{CA4A2BEE-EF5A-2FF8-5927-AA9E4D3E0445}"
EndProject
Project("{FAE04EC0-301F-11D3-BF4B-00C04F79EFBC}") = "UniGLTF.UniUnlit.Editor", "UniGLTF.UniUnlit.Editor.csproj", "{3E0F35A0-DDB2-F83E-C3C0-8767909A9413}"
EndProject
Project("{FAE04EC0-301F-11D3-BF4B-00C04F79EFBC}") = "UniGLTF.Utils", "UniGLTF.Utils.csproj", "{6B2DD6FA-4D4D-A0AF-8086-43A9287A5D2A}"
EndProject
Project("{FAE04EC0-301F-11D3-BF4B-00C04F79EFBC}") = "Assembly-CSharp", "Assembly-CSharp.csproj", "{3ABF3E21-EF83-DD6F-5DCA-BBEE98F82BE4}"
EndProject
Global
	GlobalSection(SolutionConfigurationPlatforms) = preSolution
		Debug|Any CPU = Debug|Any CPU
		Release|Any CPU = Release|Any CPU
	EndGlobalSection
	GlobalSection(ProjectConfigurationPlatforms) = postSolution
		{D4FD4C55-86E2-3AF2-B963-12ED2B0003DE}.Debug|Any CPU.ActiveCfg = Debug|Any CPU
		{D4FD4C55-86E2-3AF2-B963-12ED2B0003DE}.Debug|Any CPU.Build.0 = Debug|Any CPU
		{D4FD4C55-86E2-3AF2-B963-12ED2B0003DE}.Release|Any CPU.ActiveCfg = Release|Any CPU
		{D4FD4C55-86E2-3AF2-B963-12ED2B0003DE}.Release|Any CPU.Build.0 = Release|Any CPU
		{CC0E7FC8-5C41-F54E-29BE-283EF4D7EF05}.Debug|Any CPU.ActiveCfg = Debug|Any CPU
		{CC0E7FC8-5C41-F54E-29BE-283EF4D7EF05}.Debug|Any CPU.Build.0 = Debug|Any CPU
		{CC0E7FC8-5C41-F54E-29BE-283EF4D7EF05}.Release|Any CPU.ActiveCfg = Release|Any CPU
		{CC0E7FC8-5C41-F54E-29BE-283EF4D7EF05}.Release|Any CPU.Build.0 = Release|Any CPU
		{A9E596ED-75CA-EF0F-FFE5-A75B9A002089}.Debug|Any CPU.ActiveCfg = Debug|Any CPU
		{A9E596ED-75CA-EF0F-FFE5-A75B9A002089}.Debug|Any CPU.Build.0 = Debug|Any CPU
		{A9E596ED-75CA-EF0F-FFE5-A75B9A002089}.Release|Any CPU.ActiveCfg = Release|Any CPU
		{A9E596ED-75CA-EF0F-FFE5-A75B9A002089}.Release|Any CPU.Build.0 = Release|Any CPU
		{0FE6E4AA-BF72-AC97-2F1E-E471069E7824}.Debug|Any CPU.ActiveCfg = Debug|Any CPU
		{0FE6E4AA-BF72-AC97-2F1E-E471069E7824}.Debug|Any CPU.Build.0 = Debug|Any CPU
		{0FE6E4AA-BF72-AC97-2F1E-E471069E7824}.Release|Any CPU.ActiveCfg = Release|Any CPU
		{0FE6E4AA-BF72-AC97-2F1E-E471069E7824}.Release|Any CPU.Build.0 = Release|Any CPU
		{12C6F6A4-DEA7-8687-955A-81CAE2D6FE8A}.Debug|Any CPU.ActiveCfg = Debug|Any CPU
		{12C6F6A4-DEA7-8687-955A-81CAE2D6FE8A}.Debug|Any CPU.Build.0 = Debug|Any CPU
		{12C6F6A4-DEA7-8687-955A-81CAE2D6FE8A}.Release|Any CPU.ActiveCfg = Release|Any CPU
		{12C6F6A4-DEA7-8687-955A-81CAE2D6FE8A}.Release|Any CPU.Build.0 = Release|Any CPU
		{476C851D-6223-7EC1-9531-31EB065F5DC9}.Debug|Any CPU.ActiveCfg = Debug|Any CPU
		{476C851D-6223-7EC1-9531-31EB065F5DC9}.Debug|Any CPU.Build.0 = Debug|Any CPU
		{476C851D-6223-7EC1-9531-31EB065F5DC9}.Release|Any CPU.ActiveCfg = Release|Any CPU
		{476C851D-6223-7EC1-9531-31EB065F5DC9}.Release|Any CPU.Build.0 = Release|Any CPU
		{81210BAC-06C2-B849-8D8C-3A360FFE136A}.Debug|Any CPU.ActiveCfg = Debug|Any CPU
		{81210BAC-06C2-B849-8D8C-3A360FFE136A}.Debug|Any CPU.Build.0 = Debug|Any CPU
		{81210BAC-06C2-B849-8D8C-3A360FFE136A}.Release|Any CPU.ActiveCfg = Release|Any CPU
		{81210BAC-06C2-B849-8D8C-3A360FFE136A}.Release|Any CPU.Build.0 = Release|Any CPU
		{EE591528-9BFD-A6CD-586B-24B66903EAD3}.Debug|Any CPU.ActiveCfg = Debug|Any CPU
		{EE591528-9BFD-A6CD-586B-24B66903EAD3}.Debug|Any CPU.Build.0 = Debug|Any CPU
		{EE591528-9BFD-A6CD-586B-24B66903EAD3}.Release|Any CPU.ActiveCfg = Release|Any CPU
		{EE591528-9BFD-A6CD-586B-24B66903EAD3}.Release|Any CPU.Build.0 = Release|Any CPU
		{218529DB-E3C4-B2AE-03A5-3036835E23EB}.Debug|Any CPU.ActiveCfg = Debug|Any CPU
		{218529DB-E3C4-B2AE-03A5-3036835E23EB}.Debug|Any CPU.Build.0 = Debug|Any CPU
		{218529DB-E3C4-B2AE-03A5-3036835E23EB}.Release|Any CPU.ActiveCfg = Release|Any CPU
		{218529DB-E3C4-B2AE-03A5-3036835E23EB}.Release|Any CPU.Build.0 = Release|Any CPU
		{6BEF7D32-FD5F-DE21-7F9F-BA13C3CF2E70}.Debug|Any CPU.ActiveCfg = Debug|Any CPU
		{6BEF7D32-FD5F-DE21-7F9F-BA13C3CF2E70}.Debug|Any CPU.Build.0 = Debug|Any CPU
		{6BEF7D32-FD5F-DE21-7F9F-BA13C3CF2E70}.Release|Any CPU.ActiveCfg = Release|Any CPU
		{6BEF7D32-FD5F-DE21-7F9F-BA13C3CF2E70}.Release|Any CPU.Build.0 = Release|Any CPU
		{5DC5B7FB-203B-CF5E-FC15-6862CC997B82}.Debug|Any CPU.ActiveCfg = Debug|Any CPU
		{5DC5B7FB-203B-CF5E-FC15-6862CC997B82}.Debug|Any CPU.Build.0 = Debug|Any CPU
		{5DC5B7FB-203B-CF5E-FC15-6862CC997B82}.Release|Any CPU.ActiveCfg = Release|Any CPU
		{5DC5B7FB-203B-CF5E-FC15-6862CC997B82}.Release|Any CPU.Build.0 = Release|Any CPU
		{F7B71E31-C3EC-1FFE-20A2-79A8C52EA747}.Debug|Any CPU.ActiveCfg = Debug|Any CPU
		{F7B71E31-C3EC-1FFE-20A2-79A8C52EA747}.Debug|Any CPU.Build.0 = Debug|Any CPU
		{F7B71E31-C3EC-1FFE-20A2-79A8C52EA747}.Release|Any CPU.ActiveCfg = Release|Any CPU
		{F7B71E31-C3EC-1FFE-20A2-79A8C52EA747}.Release|Any CPU.Build.0 = Release|Any CPU
		{18A1A55C-0739-1627-8F97-61C37A43DFC4}.Debug|Any CPU.ActiveCfg = Debug|Any CPU
		{18A1A55C-0739-1627-8F97-61C37A43DFC4}.Debug|Any CPU.Build.0 = Debug|Any CPU
		{18A1A55C-0739-1627-8F97-61C37A43DFC4}.Release|Any CPU.ActiveCfg = Release|Any CPU
		{18A1A55C-0739-1627-8F97-61C37A43DFC4}.Release|Any CPU.Build.0 = Release|Any CPU
		{CA4A2BEE-EF5A-2FF8-5927-AA9E4D3E0445}.Debug|Any CPU.ActiveCfg = Debug|Any CPU
		{CA4A2BEE-EF5A-2FF8-5927-AA9E4D3E0445}.Debug|Any CPU.Build.0 = Debug|Any CPU
		{CA4A2BEE-EF5A-2FF8-5927-AA9E4D3E0445}.Release|Any CPU.ActiveCfg = Release|Any CPU
		{CA4A2BEE-EF5A-2FF8-5927-AA9E4D3E0445}.Release|Any CPU.Build.0 = Release|Any CPU
		{3E0F35A0-DDB2-F83E-C3C0-8767909A9413}.Debug|Any CPU.ActiveCfg = Debug|Any CPU
		{3E0F35A0-DDB2-F83E-C3C0-8767909A9413}.Debug|Any CPU.Build.0 = Debug|Any CPU
		{3E0F35A0-DDB2-F83E-C3C0-8767909A9413}.Release|Any CPU.ActiveCfg = Release|Any CPU
		{3E0F35A0-DDB2-F83E-C3C0-8767909A9413}.Release|Any CPU.Build.0 = Release|Any CPU
		{6B2DD6FA-4D4D-A0AF-8086-43A9287A5D2A}.Debug|Any CPU.ActiveCfg = Debug|Any CPU
		{6B2DD6FA-4D4D-A0AF-8086-43A9287A5D2A}.Debug|Any CPU.Build.0 = Debug|Any CPU
		{6B2DD6FA-4D4D-A0AF-8086-43A9287A5D2A}.Release|Any CPU.ActiveCfg = Release|Any CPU
		{6B2DD6FA-4D4D-A0AF-8086-43A9287A5D2A}.Release|Any CPU.Build.0 = Release|Any CPU
		{3ABF3E21-EF83-DD6F-5DCA-BBEE98F82BE4}.Debug|Any CPU.ActiveCfg = Debug|Any CPU
		{3ABF3E21-EF83-DD6F-5DCA-BBEE98F82BE4}.Debug|Any CPU.Build.0 = Debug|Any CPU
		{3ABF3E21-EF83-DD6F-5DCA-BBEE98F82BE4}.Release|Any CPU.ActiveCfg = Release|Any CPU
		{3ABF3E21-EF83-DD6F-5DCA-BBEE98F82BE4}.Release|Any CPU.Build.0 = Release|Any CPU
	EndGlobalSection
	GlobalSection(SolutionProperties) = preSolution
		HideSolutionNode = FALSE
	EndGlobalSection
EndGlobal
